// !$*UTF8*$!
{
	archiveVersion = 1;
	classes = {
	};
	objectVersion = 55;
	objects = {

/* Begin PBXBuildFile section */
		C1A92DF227C7103700100105 /* AppDelegate.swift in Sources */ = {isa = PBXBuildFile; fileRef = C1A92DF127C7103700100105 /* AppDelegate.swift */; };
		C1A92DF427C7103700100105 /* SceneDelegate.swift in Sources */ = {isa = PBXBuildFile; fileRef = C1A92DF327C7103700100105 /* SceneDelegate.swift */; };
		C1A92DF627C7103700100105 /* ViewController.swift in Sources */ = {isa = PBXBuildFile; fileRef = C1A92DF527C7103700100105 /* ViewController.swift */; };
		C1A92DF927C7103700100105 /* Main.storyboard in Resources */ = {isa = PBXBuildFile; fileRef = C1A92DF727C7103700100105 /* Main.storyboard */; };
		C1A92DFB27C7103900100105 /* Assets.xcassets in Resources */ = {isa = PBXBuildFile; fileRef = C1A92DFA27C7103900100105 /* Assets.xcassets */; };
		C1A92DFE27C7103900100105 /* LaunchScreen.storyboard in Resources */ = {isa = PBXBuildFile; fileRef = C1A92DFC27C7103900100105 /* LaunchScreen.storyboard */; };
		C1A92E0927C7103900100105 /* EINSTests.swift in Sources */ = {isa = PBXBuildFile; fileRef = C1A92E0827C7103900100105 /* EINSTests.swift */; };
		C1A92E1327C7103900100105 /* EINSUITests.swift in Sources */ = {isa = PBXBuildFile; fileRef = C1A92E1227C7103900100105 /* EINSUITests.swift */; };
		C1A92E1527C7103900100105 /* EINSUITestsLaunchTests.swift in Sources */ = {isa = PBXBuildFile; fileRef = C1A92E1427C7103900100105 /* EINSUITestsLaunchTests.swift */; };
		C1A92E2227C7126F00100105 /* FilterRegisterController.swift in Sources */ = {isa = PBXBuildFile; fileRef = C1A92E2127C7126F00100105 /* FilterRegisterController.swift */; };
		C1A92E2427C71A3500100105 /* AboutItemController.swift in Sources */ = {isa = PBXBuildFile; fileRef = C1A92E2327C71A3500100105 /* AboutItemController.swift */; };
		C1A92E2627C71DE900100105 /* TabBarController.swift in Sources */ = {isa = PBXBuildFile; fileRef = C1A92E2527C71DE900100105 /* TabBarController.swift */; };
		C1A92E2827C7206C00100105 /* BuyingFilterController.swift in Sources */ = {isa = PBXBuildFile; fileRef = C1A92E2727C7206C00100105 /* BuyingFilterController.swift */; };
		C1A92E2A27C720D100100105 /* InformationController.swift in Sources */ = {isa = PBXBuildFile; fileRef = C1A92E2927C720D100100105 /* InformationController.swift */; };
		C1A92E2D27C7457700100105 /* MainItemViewController.swift in Sources */ = {isa = PBXBuildFile; fileRef = C1A92E2C27C7457700100105 /* MainItemViewController.swift */; };
/* End PBXBuildFile section */

/* Begin PBXContainerItemProxy section */
		C1A92E0527C7103900100105 /* PBXContainerItemProxy */ = {
			isa = PBXContainerItemProxy;
			containerPortal = C1A92DE627C7103700100105 /* Project object */;
			proxyType = 1;
			remoteGlobalIDString = C1A92DED27C7103700100105;
			remoteInfo = EINS;
		};
		C1A92E0F27C7103900100105 /* PBXContainerItemProxy */ = {
			isa = PBXContainerItemProxy;
			containerPortal = C1A92DE627C7103700100105 /* Project object */;
			proxyType = 1;
			remoteGlobalIDString = C1A92DED27C7103700100105;
			remoteInfo = EINS;
		};
/* End PBXContainerItemProxy section */

/* Begin PBXFileReference section */
		C1A92DEE27C7103700100105 /* EINS.app */ = {isa = PBXFileReference; explicitFileType = wrapper.application; includeInIndex = 0; path = EINS.app; sourceTree = BUILT_PRODUCTS_DIR; };
		C1A92DF127C7103700100105 /* AppDelegate.swift */ = {isa = PBXFileReference; lastKnownFileType = sourcecode.swift; path = AppDelegate.swift; sourceTree = "<group>"; };
		C1A92DF327C7103700100105 /* SceneDelegate.swift */ = {isa = PBXFileReference; lastKnownFileType = sourcecode.swift; path = SceneDelegate.swift; sourceTree = "<group>"; };
		C1A92DF527C7103700100105 /* ViewController.swift */ = {isa = PBXFileReference; lastKnownFileType = sourcecode.swift; path = ViewController.swift; sourceTree = "<group>"; };
		C1A92DF827C7103700100105 /* Base */ = {isa = PBXFileReference; lastKnownFileType = file.storyboard; name = Base; path = Base.lproj/Main.storyboard; sourceTree = "<group>"; };
		C1A92DFA27C7103900100105 /* Assets.xcassets */ = {isa = PBXFileReference; lastKnownFileType = folder.assetcatalog; path = Assets.xcassets; sourceTree = "<group>"; };
		C1A92DFD27C7103900100105 /* Base */ = {isa = PBXFileReference; lastKnownFileType = file.storyboard; name = Base; path = Base.lproj/LaunchScreen.storyboard; sourceTree = "<group>"; };
		C1A92DFF27C7103900100105 /* Info.plist */ = {isa = PBXFileReference; lastKnownFileType = text.plist.xml; path = Info.plist; sourceTree = "<group>"; };
		C1A92E0427C7103900100105 /* EINSTests.xctest */ = {isa = PBXFileReference; explicitFileType = wrapper.cfbundle; includeInIndex = 0; path = EINSTests.xctest; sourceTree = BUILT_PRODUCTS_DIR; };
		C1A92E0827C7103900100105 /* EINSTests.swift */ = {isa = PBXFileReference; lastKnownFileType = sourcecode.swift; path = EINSTests.swift; sourceTree = "<group>"; };
		C1A92E0E27C7103900100105 /* EINSUITests.xctest */ = {isa = PBXFileReference; explicitFileType = wrapper.cfbundle; includeInIndex = 0; path = EINSUITests.xctest; sourceTree = BUILT_PRODUCTS_DIR; };
		C1A92E1227C7103900100105 /* EINSUITests.swift */ = {isa = PBXFileReference; lastKnownFileType = sourcecode.swift; path = EINSUITests.swift; sourceTree = "<group>"; };
		C1A92E1427C7103900100105 /* EINSUITestsLaunchTests.swift */ = {isa = PBXFileReference; lastKnownFileType = sourcecode.swift; path = EINSUITestsLaunchTests.swift; sourceTree = "<group>"; };
		C1A92E2127C7126F00100105 /* FilterRegisterController.swift */ = {isa = PBXFileReference; lastKnownFileType = sourcecode.swift; path = FilterRegisterController.swift; sourceTree = "<group>"; };
		C1A92E2327C71A3500100105 /* AboutItemController.swift */ = {isa = PBXFileReference; lastKnownFileType = sourcecode.swift; path = AboutItemController.swift; sourceTree = "<group>"; };
		C1A92E2527C71DE900100105 /* TabBarController.swift */ = {isa = PBXFileReference; lastKnownFileType = sourcecode.swift; path = TabBarController.swift; sourceTree = "<group>"; };
		C1A92E2727C7206C00100105 /* BuyingFilterController.swift */ = {isa = PBXFileReference; lastKnownFileType = sourcecode.swift; path = BuyingFilterController.swift; sourceTree = "<group>"; };
		C1A92E2927C720D100100105 /* InformationController.swift */ = {isa = PBXFileReference; lastKnownFileType = sourcecode.swift; path = InformationController.swift; sourceTree = "<group>"; };
		C1A92E2C27C7457700100105 /* MainItemViewController.swift */ = {isa = PBXFileReference; lastKnownFileType = sourcecode.swift; path = MainItemViewController.swift; sourceTree = "<group>"; };
/* End PBXFileReference section */

/* Begin PBXFrameworksBuildPhase section */
		C1A92DEB27C7103700100105 /* Frameworks */ = {
			isa = PBXFrameworksBuildPhase;
			buildActionMask = 2147483647;
			files = (
			);
			runOnlyForDeploymentPostprocessing = 0;
		};
		C1A92E0127C7103900100105 /* Frameworks */ = {
			isa = PBXFrameworksBuildPhase;
			buildActionMask = 2147483647;
			files = (
			);
			runOnlyForDeploymentPostprocessing = 0;
		};
		C1A92E0B27C7103900100105 /* Frameworks */ = {
			isa = PBXFrameworksBuildPhase;
			buildActionMask = 2147483647;
			files = (
			);
			runOnlyForDeploymentPostprocessing = 0;
		};
/* End PBXFrameworksBuildPhase section */

/* Begin PBXGroup section */
		C1A92DE527C7103700100105 = {
			isa = PBXGroup;
			children = (
				C1A92DF027C7103700100105 /* EINS */,
				C1A92E0727C7103900100105 /* EINSTests */,
				C1A92E1127C7103900100105 /* EINSUITests */,
				C1A92DEF27C7103700100105 /* Products */,
			);
			sourceTree = "<group>";
		};
		C1A92DEF27C7103700100105 /* Products */ = {
			isa = PBXGroup;
			children = (
				C1A92DEE27C7103700100105 /* EINS.app */,
				C1A92E0427C7103900100105 /* EINSTests.xctest */,
				C1A92E0E27C7103900100105 /* EINSUITests.xctest */,
			);
			name = Products;
			sourceTree = "<group>";
		};
		C1A92DF027C7103700100105 /* EINS */ = {
			isa = PBXGroup;
			children = (
				C1A92DF127C7103700100105 /* AppDelegate.swift */,
				C1A92DF327C7103700100105 /* SceneDelegate.swift */,
				C1A92DF527C7103700100105 /* ViewController.swift */,
				C1A92DF727C7103700100105 /* Main.storyboard */,
				C1A92DFA27C7103900100105 /* Assets.xcassets */,
				C1A92DFC27C7103900100105 /* LaunchScreen.storyboard */,
				C1A92DFF27C7103900100105 /* Info.plist */,
				C1A92E2127C7126F00100105 /* FilterRegisterController.swift */,
				C1A92E2327C71A3500100105 /* AboutItemController.swift */,
				C1A92E2527C71DE900100105 /* TabBarController.swift */,
				C1A92E2727C7206C00100105 /* BuyingFilterController.swift */,
				C1A92E2927C720D100100105 /* InformationController.swift */,
				C1A92E2C27C7457700100105 /* MainItemViewController.swift */,
			);
			path = EINS;
			sourceTree = "<group>";
		};
		C1A92E0727C7103900100105 /* EINSTests */ = {
			isa = PBXGroup;
			children = (
				C1A92E0827C7103900100105 /* EINSTests.swift */,
			);
			path = EINSTests;
			sourceTree = "<group>";
		};
		C1A92E1127C7103900100105 /* EINSUITests */ = {
			isa = PBXGroup;
			children = (
				C1A92E1227C7103900100105 /* EINSUITests.swift */,
				C1A92E1427C7103900100105 /* EINSUITestsLaunchTests.swift */,
			);
			path = EINSUITests;
			sourceTree = "<group>";
		};
/* End PBXGroup section */

/* Begin PBXNativeTarget section */
		C1A92DED27C7103700100105 /* EINS */ = {
			isa = PBXNativeTarget;
			buildConfigurationList = C1A92E1827C7103900100105 /* Build configuration list for PBXNativeTarget "EINS" */;
			buildPhases = (
				C1A92DEA27C7103700100105 /* Sources */,
				C1A92DEB27C7103700100105 /* Frameworks */,
				C1A92DEC27C7103700100105 /* Resources */,
			);
			buildRules = (
			);
			dependencies = (
			);
			name = EINS;
			productName = EINS;
			productReference = C1A92DEE27C7103700100105 /* EINS.app */;
			productType = "com.apple.product-type.application";
		};
		C1A92E0327C7103900100105 /* EINSTests */ = {
			isa = PBXNativeTarget;
			buildConfigurationList = C1A92E1B27C7103900100105 /* Build configuration list for PBXNativeTarget "EINSTests" */;
			buildPhases = (
				C1A92E0027C7103900100105 /* Sources */,
				C1A92E0127C7103900100105 /* Frameworks */,
				C1A92E0227C7103900100105 /* Resources */,
			);
			buildRules = (
			);
			dependencies = (
				C1A92E0627C7103900100105 /* PBXTargetDependency */,
			);
			name = EINSTests;
			productName = EINSTests;
			productReference = C1A92E0427C7103900100105 /* EINSTests.xctest */;
			productType = "com.apple.product-type.bundle.unit-test";
		};
		C1A92E0D27C7103900100105 /* EINSUITests */ = {
			isa = PBXNativeTarget;
			buildConfigurationList = C1A92E1E27C7103900100105 /* Build configuration list for PBXNativeTarget "EINSUITests" */;
			buildPhases = (
				C1A92E0A27C7103900100105 /* Sources */,
				C1A92E0B27C7103900100105 /* Frameworks */,
				C1A92E0C27C7103900100105 /* Resources */,
			);
			buildRules = (
			);
			dependencies = (
				C1A92E1027C7103900100105 /* PBXTargetDependency */,
			);
			name = EINSUITests;
			productName = EINSUITests;
			productReference = C1A92E0E27C7103900100105 /* EINSUITests.xctest */;
			productType = "com.apple.product-type.bundle.ui-testing";
		};
/* End PBXNativeTarget section */

/* Begin PBXProject section */
		C1A92DE627C7103700100105 /* Project object */ = {
			isa = PBXProject;
			attributes = {
				BuildIndependentTargetsInParallel = 1;
				LastSwiftUpdateCheck = 1300;
				LastUpgradeCheck = 1300;
				TargetAttributes = {
					C1A92DED27C7103700100105 = {
						CreatedOnToolsVersion = 13.0;
					};
					C1A92E0327C7103900100105 = {
						CreatedOnToolsVersion = 13.0;
						TestTargetID = C1A92DED27C7103700100105;
					};
					C1A92E0D27C7103900100105 = {
						CreatedOnToolsVersion = 13.0;
						TestTargetID = C1A92DED27C7103700100105;
					};
				};
			};
			buildConfigurationList = C1A92DE927C7103700100105 /* Build configuration list for PBXProject "EINS" */;
			compatibilityVersion = "Xcode 13.0";
			developmentRegion = en;
			hasScannedForEncodings = 0;
			knownRegions = (
				en,
				Base,
			);
			mainGroup = C1A92DE527C7103700100105;
			productRefGroup = C1A92DEF27C7103700100105 /* Products */;
			projectDirPath = "";
			projectRoot = "";
			targets = (
				C1A92DED27C7103700100105 /* EINS */,
				C1A92E0327C7103900100105 /* EINSTests */,
				C1A92E0D27C7103900100105 /* EINSUITests */,
			);
		};
/* End PBXProject section */

/* Begin PBXResourcesBuildPhase section */
		C1A92DEC27C7103700100105 /* Resources */ = {
			isa = PBXResourcesBuildPhase;
			buildActionMask = 2147483647;
			files = (
				C1A92DFE27C7103900100105 /* LaunchScreen.storyboard in Resources */,
				C1A92DFB27C7103900100105 /* Assets.xcassets in Resources */,
				C1A92DF927C7103700100105 /* Main.storyboard in Resources */,
			);
			runOnlyForDeploymentPostprocessing = 0;
		};
		C1A92E0227C7103900100105 /* Resources */ = {
			isa = PBXResourcesBuildPhase;
			buildActionMask = 2147483647;
			files = (
			);
			runOnlyForDeploymentPostprocessing = 0;
		};
		C1A92E0C27C7103900100105 /* Resources */ = {
			isa = PBXResourcesBuildPhase;
			buildActionMask = 2147483647;
			files = (
			);
			runOnlyForDeploymentPostprocessing = 0;
		};
/* End PBXResourcesBuildPhase section */

/* Begin PBXSourcesBuildPhase section */
		C1A92DEA27C7103700100105 /* Sources */ = {
			isa = PBXSourcesBuildPhase;
			buildActionMask = 2147483647;
			files = (
				C1A92E2A27C720D100100105 /* InformationController.swift in Sources */,
				C1A92E2227C7126F00100105 /* FilterRegisterController.swift in Sources */,
				C1A92E2D27C7457700100105 /* MainItemViewController.swift in Sources */,
				C1A92DF627C7103700100105 /* ViewController.swift in Sources */,
				C1A92E2827C7206C00100105 /* BuyingFilterController.swift in Sources */,
				C1A92E2427C71A3500100105 /* AboutItemController.swift in Sources */,
				C1A92E2627C71DE900100105 /* TabBarController.swift in Sources */,
				C1A92DF227C7103700100105 /* AppDelegate.swift in Sources */,
				C1A92DF427C7103700100105 /* SceneDelegate.swift in Sources */,
			);
			runOnlyForDeploymentPostprocessing = 0;
		};
		C1A92E0027C7103900100105 /* Sources */ = {
			isa = PBXSourcesBuildPhase;
			buildActionMask = 2147483647;
			files = (
				C1A92E0927C7103900100105 /* EINSTests.swift in Sources */,
			);
			runOnlyForDeploymentPostprocessing = 0;
		};
		C1A92E0A27C7103900100105 /* Sources */ = {
			isa = PBXSourcesBuildPhase;
			buildActionMask = 2147483647;
			files = (
				C1A92E1327C7103900100105 /* EINSUITests.swift in Sources */,
				C1A92E1527C7103900100105 /* EINSUITestsLaunchTests.swift in Sources */,
			);
			runOnlyForDeploymentPostprocessing = 0;
		};
/* End PBXSourcesBuildPhase section */

/* Begin PBXTargetDependency section */
		C1A92E0627C7103900100105 /* PBXTargetDependency */ = {
			isa = PBXTargetDependency;
			target = C1A92DED27C7103700100105 /* EINS */;
			targetProxy = C1A92E0527C7103900100105 /* PBXContainerItemProxy */;
		};
		C1A92E1027C7103900100105 /* PBXTargetDependency */ = {
			isa = PBXTargetDependency;
			target = C1A92DED27C7103700100105 /* EINS */;
			targetProxy = C1A92E0F27C7103900100105 /* PBXContainerItemProxy */;
		};
/* End PBXTargetDependency section */

/* Begin PBXVariantGroup section */
		C1A92DF727C7103700100105 /* Main.storyboard */ = {
			isa = PBXVariantGroup;
			children = (
				C1A92DF827C7103700100105 /* Base */,
			);
			name = Main.storyboard;
			sourceTree = "<group>";
		};
		C1A92DFC27C7103900100105 /* LaunchScreen.storyboard */ = {
			isa = PBXVariantGroup;
			children = (
				C1A92DFD27C7103900100105 /* Base */,
			);
			name = LaunchScreen.storyboard;
			sourceTree = "<group>";
		};
/* End PBXVariantGroup section */

/* Begin XCBuildConfiguration section */
		C1A92E1627C7103900100105 /* Debug */ = {
			isa = XCBuildConfiguration;
			buildSettings = {
				ALWAYS_SEARCH_USER_PATHS = NO;
				CLANG_ANALYZER_NONNULL = YES;
				CLANG_ANALYZER_NUMBER_OBJECT_CONVERSION = YES_AGGRESSIVE;
				CLANG_CXX_LANGUAGE_STANDARD = "gnu++17";
				CLANG_CXX_LIBRARY = "libc++";
				CLANG_ENABLE_MODULES = YES;
				CLANG_ENABLE_OBJC_ARC = YES;
				CLANG_ENABLE_OBJC_WEAK = YES;
				CLANG_WARN_BLOCK_CAPTURE_AUTORELEASING = YES;
				CLANG_WARN_BOOL_CONVERSION = YES;
				CLANG_WARN_COMMA = YES;
				CLANG_WARN_CONSTANT_CONVERSION = YES;
				CLANG_WARN_DEPRECATED_OBJC_IMPLEMENTATIONS = YES;
				CLANG_WARN_DIRECT_OBJC_ISA_USAGE = YES_ERROR;
				CLANG_WARN_DOCUMENTATION_COMMENTS = YES;
				CLANG_WARN_EMPTY_BODY = YES;
				CLANG_WARN_ENUM_CONVERSION = YES;
				CLANG_WARN_INFINITE_RECURSION = YES;
				CLANG_WARN_INT_CONVERSION = YES;
				CLANG_WARN_NON_LITERAL_NULL_CONVERSION = YES;
				CLANG_WARN_OBJC_IMPLICIT_RETAIN_SELF = YES;
				CLANG_WARN_OBJC_LITERAL_CONVERSION = YES;
				CLANG_WARN_OBJC_ROOT_CLASS = YES_ERROR;
				CLANG_WARN_QUOTED_INCLUDE_IN_FRAMEWORK_HEADER = YES;
				CLANG_WARN_RANGE_LOOP_ANALYSIS = YES;
				CLANG_WARN_STRICT_PROTOTYPES = YES;
				CLANG_WARN_SUSPICIOUS_MOVE = YES;
				CLANG_WARN_UNGUARDED_AVAILABILITY = YES_AGGRESSIVE;
				CLANG_WARN_UNREACHABLE_CODE = YES;
				CLANG_WARN__DUPLICATE_METHOD_MATCH = YES;
				COPY_PHASE_STRIP = NO;
				DEBUG_INFORMATION_FORMAT = dwarf;
				ENABLE_STRICT_OBJC_MSGSEND = YES;
				ENABLE_TESTABILITY = YES;
				GCC_C_LANGUAGE_STANDARD = gnu11;
				GCC_DYNAMIC_NO_PIC = NO;
				GCC_NO_COMMON_BLOCKS = YES;
				GCC_OPTIMIZATION_LEVEL = 0;
				GCC_PREPROCESSOR_DEFINITIONS = (
					"DEBUG=1",
					"$(inherited)",
				);
				GCC_WARN_64_TO_32_BIT_CONVERSION = YES;
				GCC_WARN_ABOUT_RETURN_TYPE = YES_ERROR;
				GCC_WARN_UNDECLARED_SELECTOR = YES;
				GCC_WARN_UNINITIALIZED_AUTOS = YES_AGGRESSIVE;
				GCC_WARN_UNUSED_FUNCTION = YES;
				GCC_WARN_UNUSED_VARIABLE = YES;
				IPHONEOS_DEPLOYMENT_TARGET = 15.0;
				MTL_ENABLE_DEBUG_INFO = INCLUDE_SOURCE;
				MTL_FAST_MATH = YES;
				ONLY_ACTIVE_ARCH = YES;
				SDKROOT = iphoneos;
				SWIFT_ACTIVE_COMPILATION_CONDITIONS = DEBUG;
				SWIFT_OPTIMIZATION_LEVEL = "-Onone";
			};
			name = Debug;
		};
		C1A92E1727C7103900100105 /* Release */ = {
			isa = XCBuildConfiguration;
			buildSettings = {
				ALWAYS_SEARCH_USER_PATHS = NO;
				CLANG_ANALYZER_NONNULL = YES;
				CLANG_ANALYZER_NUMBER_OBJECT_CONVERSION = YES_AGGRESSIVE;
				CLANG_CXX_LANGUAGE_STANDARD = "gnu++17";
				CLANG_CXX_LIBRARY = "libc++";
				CLANG_ENABLE_MODULES = YES;
				CLANG_ENABLE_OBJC_ARC = YES;
				CLANG_ENABLE_OBJC_WEAK = YES;
				CLANG_WARN_BLOCK_CAPTURE_AUTORELEASING = YES;
				CLANG_WARN_BOOL_CONVERSION = YES;
				CLANG_WARN_COMMA = YES;
				CLANG_WARN_CONSTANT_CONVERSION = YES;
				CLANG_WARN_DEPRECATED_OBJC_IMPLEMENTATIONS = YES;
				CLANG_WARN_DIRECT_OBJC_ISA_USAGE = YES_ERROR;
				CLANG_WARN_DOCUMENTATION_COMMENTS = YES;
				CLANG_WARN_EMPTY_BODY = YES;
				CLANG_WARN_ENUM_CONVERSION = YES;
				CLANG_WARN_INFINITE_RECURSION = YES;
				CLANG_WARN_INT_CONVERSION = YES;
				CLANG_WARN_NON_LITERAL_NULL_CONVERSION = YES;
				CLANG_WARN_OBJC_IMPLICIT_RETAIN_SELF = YES;
				CLANG_WARN_OBJC_LITERAL_CONVERSION = YES;
				CLANG_WARN_OBJC_ROOT_CLASS = YES_ERROR;
				CLANG_WARN_QUOTED_INCLUDE_IN_FRAMEWORK_HEADER = YES;
				CLANG_WARN_RANGE_LOOP_ANALYSIS = YES;
				CLANG_WARN_STRICT_PROTOTYPES = YES;
				CLANG_WARN_SUSPICIOUS_MOVE = YES;
				CLANG_WARN_UNGUARDED_AVAILABILITY = YES_AGGRESSIVE;
				CLANG_WARN_UNREACHABLE_CODE = YES;
				CLANG_WARN__DUPLICATE_METHOD_MATCH = YES;
				COPY_PHASE_STRIP = NO;
				DEBUG_INFORMATION_FORMAT = "dwarf-with-dsym";
				ENABLE_NS_ASSERTIONS = NO;
				ENABLE_STRICT_OBJC_MSGSEND = YES;
				GCC_C_LANGUAGE_STANDARD = gnu11;
				GCC_NO_COMMON_BLOCKS = YES;
				GCC_WARN_64_TO_32_BIT_CONVERSION = YES;
				GCC_WARN_ABOUT_RETURN_TYPE = YES_ERROR;
				GCC_WARN_UNDECLARED_SELECTOR = YES;
				GCC_WARN_UNINITIALIZED_AUTOS = YES_AGGRESSIVE;
				GCC_WARN_UNUSED_FUNCTION = YES;
				GCC_WARN_UNUSED_VARIABLE = YES;
				IPHONEOS_DEPLOYMENT_TARGET = 15.0;
				MTL_ENABLE_DEBUG_INFO = NO;
				MTL_FAST_MATH = YES;
				SDKROOT = iphoneos;
				SWIFT_COMPILATION_MODE = wholemodule;
				SWIFT_OPTIMIZATION_LEVEL = "-O";
				VALIDATE_PRODUCT = YES;
			};
			name = Release;
		};
		C1A92E1927C7103900100105 /* Debug */ = {
			isa = XCBuildConfiguration;
			buildSettings = {
				ASSETCATALOG_COMPILER_APPICON_NAME = AppIcon;
				ASSETCATALOG_COMPILER_GLOBAL_ACCENT_COLOR_NAME = AccentColor;
				CODE_SIGN_STYLE = Automatic;
				CURRENT_PROJECT_VERSION = 1;
				DEVELOPMENT_TEAM = KL2HAQ9H72;
				GENERATE_INFOPLIST_FILE = YES;
				INFOPLIST_FILE = EINS/Info.plist;
				INFOPLIST_KEY_UIApplicationSupportsIndirectInputEvents = YES;
				INFOPLIST_KEY_UILaunchStoryboardName = LaunchScreen;
				INFOPLIST_KEY_UIMainStoryboardFile = Main;
				INFOPLIST_KEY_UISupportedInterfaceOrientations_iPad = "UIInterfaceOrientationPortrait UIInterfaceOrientationPortraitUpsideDown UIInterfaceOrientationLandscapeLeft UIInterfaceOrientationLandscapeRight";
				INFOPLIST_KEY_UISupportedInterfaceOrientations_iPhone = "UIInterfaceOrientationPortrait UIInterfaceOrientationLandscapeLeft UIInterfaceOrientationLandscapeRight";
				LD_RUNPATH_SEARCH_PATHS = (
					"$(inherited)",
					"@executable_path/Frameworks",
				);
				MARKETING_VERSION = 1.0;
				PRODUCT_BUNDLE_IDENTIFIER = "EINS-filter.EINS";
				PRODUCT_NAME = "$(TARGET_NAME)";
				SWIFT_EMIT_LOC_STRINGS = YES;
				SWIFT_VERSION = 5.0;
				TARGETED_DEVICE_FAMILY = "1,2";
			};
			name = Debug;
		};
		C1A92E1A27C7103900100105 /* Release */ = {
			isa = XCBuildConfiguration;
			buildSettings = {
				ASSETCATALOG_COMPILER_APPICON_NAME = AppIcon;
				ASSETCATALOG_COMPILER_GLOBAL_ACCENT_COLOR_NAME = AccentColor;
				CODE_SIGN_STYLE = Automatic;
				CURRENT_PROJECT_VERSION = 1;
				DEVELOPMENT_TEAM = KL2HAQ9H72;
				GENERATE_INFOPLIST_FILE = YES;
				INFOPLIST_FILE = EINS/Info.plist;
				INFOPLIST_KEY_UIApplicationSupportsIndirectInputEvents = YES;
				INFOPLIST_KEY_UILaunchStoryboardName = LaunchScreen;
				INFOPLIST_KEY_UIMainStoryboardFile = Main;
				INFOPLIST_KEY_UISupportedInterfaceOrientations_iPad = "UIInterfaceOrientationPortrait UIInterfaceOrientationPortraitUpsideDown UIInterfaceOrientationLandscapeLeft UIInterfaceOrientationLandscapeRight";
				INFOPLIST_KEY_UISupportedInterfaceOrientations_iPhone = "UIInterfaceOrientationPortrait UIInterfaceOrientationLandscapeLeft UIInterfaceOrientationLandscapeRight";
				LD_RUNPATH_SEARCH_PATHS = (
					"$(inherited)",
					"@executable_path/Frameworks",
				);
				MARKETING_VERSION = 1.0;
				PRODUCT_BUNDLE_IDENTIFIER = "EINS-filter.EINS";
				PRODUCT_NAME = "$(TARGET_NAME)";
				SWIFT_EMIT_LOC_STRINGS = YES;
				SWIFT_VERSION = 5.0;
				TARGETED_DEVICE_FAMILY = "1,2";
			};
			name = Release;
		};
		C1A92E1C27C7103900100105 /* Debug */ = {
			isa = XCBuildConfiguration;
			buildSettings = {
				ALWAYS_EMBED_SWIFT_STANDARD_LIBRARIES = YES;
				BUNDLE_LOADER = "$(TEST_HOST)";
				CODE_SIGN_STYLE = Automatic;
				CURRENT_PROJECT_VERSION = 1;
				DEVELOPMENT_TEAM = KL2HAQ9H72;
				GENERATE_INFOPLIST_FILE = YES;
				IPHONEOS_DEPLOYMENT_TARGET = 15.0;
				LD_RUNPATH_SEARCH_PATHS = (
					"$(inherited)",
					"@executable_path/Frameworks",
					"@loader_path/Frameworks",
				);
				MARKETING_VERSION = 1.0;
				PRODUCT_BUNDLE_IDENTIFIER = "EINS-filter.EINSTests";
				PRODUCT_NAME = "$(TARGET_NAME)";
				SWIFT_EMIT_LOC_STRINGS = NO;
				SWIFT_VERSION = 5.0;
				TARGETED_DEVICE_FAMILY = "1,2";
				TEST_HOST = "$(BUILT_PRODUCTS_DIR)/EINS.app/EINS";
			};
			name = Debug;
		};
		C1A92E1D27C7103900100105 /* Release */ = {
			isa = XCBuildConfiguration;
			buildSettings = {
				ALWAYS_EMBED_SWIFT_STANDARD_LIBRARIES = YES;
				BUNDLE_LOADER = "$(TEST_HOST)";
				CODE_SIGN_STYLE = Automatic;
				CURRENT_PROJECT_VERSION = 1;
				DEVELOPMENT_TEAM = KL2HAQ9H72;
				GENERATE_INFOPLIST_FILE = YES;
				IPHONEOS_DEPLOYMENT_TARGET = 15.0;
				LD_RUNPATH_SEARCH_PATHS = (
					"$(inherited)",
					"@executable_path/Frameworks",
					"@loader_path/Frameworks",
				);
				MARKETING_VERSION = 1.0;
				PRODUCT_BUNDLE_IDENTIFIER = "EINS-filter.EINSTests";
				PRODUCT_NAME = "$(TARGET_NAME)";
				SWIFT_EMIT_LOC_STRINGS = NO;
				SWIFT_VERSION = 5.0;
				TARGETED_DEVICE_FAMILY = "1,2";
				TEST_HOST = "$(BUILT_PRODUCTS_DIR)/EINS.app/EINS";
			};
			name = Release;
		};
		C1A92E1F27C7103900100105 /* Debug */ = {
			isa = XCBuildConfiguration;
			buildSettings = {
				ALWAYS_EMBED_SWIFT_STANDARD_LIBRARIES = YES;
				CODE_SIGN_STYLE = Automatic;
				CURRENT_PROJECT_VERSION = 1;
				DEVELOPMENT_TEAM = KL2HAQ9H72;
				GENERATE_INFOPLIST_FILE = YES;
				LD_RUNPATH_SEARCH_PATHS = (
					"$(inherited)",
					"@executable_path/Frameworks",
					"@loader_path/Frameworks",
				);
				MARKETING_VERSION = 1.0;
				PRODUCT_BUNDLE_IDENTIFIER = "EINS-filter.EINSUITests";
				PRODUCT_NAME = "$(TARGET_NAME)";
				SWIFT_EMIT_LOC_STRINGS = NO;
				SWIFT_VERSION = 5.0;
				TARGETED_DEVICE_FAMILY = "1,2";
				TEST_TARGET_NAME = EINS;
			};
			name = Debug;
		};
		C1A92E2027C7103900100105 /* Release */ = {
			isa = XCBuildConfiguration;
			buildSettings = {
				ALWAYS_EMBED_SWIFT_STANDARD_LIBRARIES = YES;
				CODE_SIGN_STYLE = Automatic;
				CURRENT_PROJECT_VERSION = 1;
				DEVELOPMENT_TEAM = KL2HAQ9H72;
				GENERATE_INFOPLIST_FILE = YES;
				LD_RUNPATH_SEARCH_PATHS = (
					"$(inherited)",
					"@executable_path/Frameworks",
					"@loader_path/Frameworks",
				);
				MARKETING_VERSION = 1.0;
				PRODUCT_BUNDLE_IDENTIFIER = "EINS-filter.EINSUITests";
				PRODUCT_NAME = "$(TARGET_NAME)";
				SWIFT_EMIT_LOC_STRINGS = NO;
				SWIFT_VERSION = 5.0;
				TARGETED_DEVICE_FAMILY = "1,2";
				TEST_TARGET_NAME = EINS;
			};
			name = Release;
		};
/* End XCBuildConfiguration section */

/* Begin XCConfigurationList section */
		C1A92DE927C7103700100105 /* Build configuration list for PBXProject "EINS" */ = {
			isa = XCConfigurationList;
			buildConfigurations = (
				C1A92E1627C7103900100105 /* Debug */,
				C1A92E1727C7103900100105 /* Release */,
			);
			defaultConfigurationIsVisible = 0;
			defaultConfigurationName = Release;
		};
		C1A92E1827C7103900100105 /* Build configuration list for PBXNativeTarget "EINS" */ = {
			isa = XCConfigurationList;
			buildConfigurations = (
				C1A92E1927C7103900100105 /* Debug */,
				C1A92E1A27C7103900100105 /* Release */,
			);
			defaultConfigurationIsVisible = 0;
			defaultConfigurationName = Release;
		};
		C1A92E1B27C7103900100105 /* Build configuration list for PBXNativeTarget "EINSTests" */ = {
			isa = XCConfigurationList;
			buildConfigurations = (
				C1A92E1C27C7103900100105 /* Debug */,
				C1A92E1D27C7103900100105 /* Release */,
			);
			defaultConfigurationIsVisible = 0;
			defaultConfigurationName = Release;
		};
		C1A92E1E27C7103900100105 /* Build configuration list for PBXNativeTarget "EINSUITests" */ = {
			isa = XCConfigurationList;
			buildConfigurations = (
				C1A92E1F27C7103900100105 /* Debug */,
				C1A92E2027C7103900100105 /* Release */,
			);
			defaultConfigurationIsVisible = 0;
			defaultConfigurationName = Release;
		};
/* End XCConfigurationList section */
	};
	rootObject = C1A92DE627C7103700100105 /* Project object */;
}
